
Microsoft Visual Studio Solution File, Format Version 12.00
# Visual Studio Version 16
VisualStudioVersion = 16.0.29324.140
MinimumVisualStudioVersion = 10.0.40219.1
Project("{FAE04EC0-301F-11D3-BF4B-00C04F79EFBC}") = "TryAuthorization", "TryAuthorization\TryAuthorization.csproj", "{A92CF110-4273-4A61-838D-49BE0151118C}"
EndProject
Global
	GlobalSection(SolutionConfigurationPlatforms) = preSolution
		Debug|Any CPU = Debug|Any CPU
		Release|Any CPU = Release|Any CPU
	EndGlobalSection
	GlobalSection(ProjectConfigurationPlatforms) = postSolution
		{A92CF110-4273-4A61-838D-49BE0151118C}.Debug|Any CPU.ActiveCfg = Debug|Any CPU
		{A92CF110-4273-4A61-838D-49BE0151118C}.Debug|Any CPU.Build.0 = Debug|Any CPU
		{A92CF110-4273-4A61-838D-49BE0151118C}.Release|Any CPU.ActiveCfg = Release|Any CPU
		{A92CF110-4273-4A61-838D-49BE0151118C}.Release|Any CPU.Build.0 = Release|Any CPU
	EndGlobalSection
	GlobalSection(SolutionProperties) = preSolution
		HideSolutionNode = FALSE
	EndGlobalSection
	GlobalSection(ExtensibilityGlobals) = postSolution
		SolutionGuid = {5E1E2017-2B29-41D2-B605-049343E86CC9}
	EndGlobalSection
EndGlobal
